// !$*UTF8*$!
{
	archiveVersion = 1;
	classes = {
	};
	objectVersion = 56;
	objects = {

/* Begin PBXBuildFile section */
		3C79FACB2BC72867007BC735 /* Little_LemonApp.swift in Sources */ = {isa = PBXBuildFile; fileRef = 3C79FACA2BC72867007BC735 /* Little_LemonApp.swift */; };
		3C79FACD2BC72867007BC735 /* ContentView.swift in Sources */ = {isa = PBXBuildFile; fileRef = 3C79FACC2BC72867007BC735 /* ContentView.swift */; };
		3C79FACF2BC72868007BC735 /* Assets.xcassets in Resources */ = {isa = PBXBuildFile; fileRef = 3C79FACE2BC72868007BC735 /* Assets.xcassets */; };
		3C79FAD22BC72868007BC735 /* Preview Assets.xcassets in Resources */ = {isa = PBXBuildFile; fileRef = 3C79FAD12BC72868007BC735 /* Preview Assets.xcassets */; };
		3CB801442BD477D90033EE10 /* Persistence.swift in Sources */ = {isa = PBXBuildFile; fileRef = 3CB801422BD477D90033EE10 /* Persistence.swift */; };
		3CB801482BD478650033EE10 /* MenuList.swift in Sources */ = {isa = PBXBuildFile; fileRef = 3CB801472BD478650033EE10 /* MenuList.swift */; };
		3CB8014A2BD4786E0033EE10 /* MenuItem.swift in Sources */ = {isa = PBXBuildFile; fileRef = 3CB801492BD4786E0033EE10 /* MenuItem.swift */; };
		3CB801522BD82B9A0033EE10 /* CoreDataModel.xcdatamodeld in Sources */ = {isa = PBXBuildFile; fileRef = 3CB801502BD82B9A0033EE10 /* CoreDataModel.xcdatamodeld */; };
		3CB801542BD8B4D40033EE10 /* FetchedObjects.swift in Sources */ = {isa = PBXBuildFile; fileRef = 3CB801532BD8B4D40033EE10 /* FetchedObjects.swift */; };
		3CCF9CF32BCD6B070099DCBC /* OnboardView.swift in Sources */ = {isa = PBXBuildFile; fileRef = 3CCF9CF22BCD6B070099DCBC /* OnboardView.swift */; };
		3CCF9CF72BCEBE110099DCBC /* HomeView.swift in Sources */ = {isa = PBXBuildFile; fileRef = 3CCF9CF62BCEBE110099DCBC /* HomeView.swift */; };
		3CCF9CF92BCEC7460099DCBC /* MenuView.swift in Sources */ = {isa = PBXBuildFile; fileRef = 3CCF9CF82BCEC7460099DCBC /* MenuView.swift */; };
		3CCF9CFD2BCEE5720099DCBC /* UserProfileView.swift in Sources */ = {isa = PBXBuildFile; fileRef = 3CCF9CFC2BCEE5720099DCBC /* UserProfileView.swift */; };
/* End PBXBuildFile section */

/* Begin PBXFileReference section */
		3C79FAC72BC72867007BC735 /* Little Lemon.app */ = {isa = PBXFileReference; explicitFileType = wrapper.application; includeInIndex = 0; path = "Little Lemon.app"; sourceTree = BUILT_PRODUCTS_DIR; };
		3C79FACA2BC72867007BC735 /* Little_LemonApp.swift */ = {isa = PBXFileReference; lastKnownFileType = sourcecode.swift; path = Little_LemonApp.swift; sourceTree = "<group>"; };
		3C79FACC2BC72867007BC735 /* ContentView.swift */ = {isa = PBXFileReference; lastKnownFileType = sourcecode.swift; path = ContentView.swift; sourceTree = "<group>"; };
		3C79FACE2BC72868007BC735 /* Assets.xcassets */ = {isa = PBXFileReference; lastKnownFileType = folder.assetcatalog; path = Assets.xcassets; sourceTree = "<group>"; };
		3C79FAD12BC72868007BC735 /* Preview Assets.xcassets */ = {isa = PBXFileReference; lastKnownFileType = folder.assetcatalog; path = "Preview Assets.xcassets"; sourceTree = "<group>"; };
		3CB801422BD477D90033EE10 /* Persistence.swift */ = {isa = PBXFileReference; fileEncoding = 4; lastKnownFileType = sourcecode.swift; path = Persistence.swift; sourceTree = "<group>"; };
		3CB801472BD478650033EE10 /* MenuList.swift */ = {isa = PBXFileReference; lastKnownFileType = sourcecode.swift; path = MenuList.swift; sourceTree = "<group>"; };
		3CB801492BD4786E0033EE10 /* MenuItem.swift */ = {isa = PBXFileReference; lastKnownFileType = sourcecode.swift; path = MenuItem.swift; sourceTree = "<group>"; };
		3CB801512BD82B9A0033EE10 /* CoreDataModel.xcdatamodel */ = {isa = PBXFileReference; lastKnownFileType = wrapper.xcdatamodel; path = CoreDataModel.xcdatamodel; sourceTree = "<group>"; };
		3CB801532BD8B4D40033EE10 /* FetchedObjects.swift */ = {isa = PBXFileReference; fileEncoding = 4; lastKnownFileType = sourcecode.swift; path = FetchedObjects.swift; sourceTree = "<group>"; };
		3CCF9CF22BCD6B070099DCBC /* OnboardView.swift */ = {isa = PBXFileReference; lastKnownFileType = sourcecode.swift; path = OnboardView.swift; sourceTree = "<group>"; };
		3CCF9CF62BCEBE110099DCBC /* HomeView.swift */ = {isa = PBXFileReference; lastKnownFileType = sourcecode.swift; path = HomeView.swift; sourceTree = "<group>"; };
		3CCF9CF82BCEC7460099DCBC /* MenuView.swift */ = {isa = PBXFileReference; lastKnownFileType = sourcecode.swift; path = MenuView.swift; sourceTree = "<group>"; };
		3CCF9CFC2BCEE5720099DCBC /* UserProfileView.swift */ = {isa = PBXFileReference; lastKnownFileType = sourcecode.swift; path = UserProfileView.swift; sourceTree = "<group>"; };
/* End PBXFileReference section */

/* Begin PBXFrameworksBuildPhase section */
		3C79FAC42BC72867007BC735 /* Frameworks */ = {
			isa = PBXFrameworksBuildPhase;
			buildActionMask = 2147483647;
			files = (
			);
			runOnlyForDeploymentPostprocessing = 0;
		};
/* End PBXFrameworksBuildPhase section */

/* Begin PBXGroup section */
		3C79FABE2BC72867007BC735 = {
			isa = PBXGroup;
			children = (
				3C79FAC92BC72867007BC735 /* Little Lemon */,
				3C79FAC82BC72867007BC735 /* Products */,
			);
			sourceTree = "<group>";
		};
		3C79FAC82BC72867007BC735 /* Products */ = {
			isa = PBXGroup;
			children = (
				3C79FAC72BC72867007BC735 /* Little Lemon.app */,
			);
			name = Products;
			sourceTree = "<group>";
		};
		3C79FAC92BC72867007BC735 /* Little Lemon */ = {
			isa = PBXGroup;
			children = (
				3CB801412BD477C80033EE10 /* Core Data */,
				3C79FACA2BC72867007BC735 /* Little_LemonApp.swift */,
				3CB801462BD478510033EE10 /* Models */,
				3C79FACC2BC72867007BC735 /* ContentView.swift */,
				3CCF9CF22BCD6B070099DCBC /* OnboardView.swift */,
				3CCF9CFC2BCEE5720099DCBC /* UserProfileView.swift */,
				3C79FACE2BC72868007BC735 /* Assets.xcassets */,
				3CCF9CF62BCEBE110099DCBC /* HomeView.swift */,
				3CCF9CF82BCEC7460099DCBC /* MenuView.swift */,
				3C79FAD02BC72868007BC735 /* Preview Content */,
			);
			path = "Little Lemon";
			sourceTree = "<group>";
		};
		3C79FAD02BC72868007BC735 /* Preview Content */ = {
			isa = PBXGroup;
			children = (
				3C79FAD12BC72868007BC735 /* Preview Assets.xcassets */,
			);
			path = "Preview Content";
			sourceTree = "<group>";
		};
		3CB801412BD477C80033EE10 /* Core Data */ = {
			isa = PBXGroup;
			children = (
				3CB801532BD8B4D40033EE10 /* FetchedObjects.swift */,
				3CB801422BD477D90033EE10 /* Persistence.swift */,
				3CB801502BD82B9A0033EE10 /* CoreDataModel.xcdatamodeld */,
			);
			path = "Core Data";
			sourceTree = "<group>";
		};
		3CB801462BD478510033EE10 /* Models */ = {
			isa = PBXGroup;
			children = (
				3CB801472BD478650033EE10 /* MenuList.swift */,
				3CB801492BD4786E0033EE10 /* MenuItem.swift */,
			);
			path = Models;
			sourceTree = "<group>";
		};
/* End PBXGroup section */

/* Begin PBXNativeTarget section */
		3C79FAC62BC72867007BC735 /* Little Lemon */ = {
			isa = PBXNativeTarget;
			buildConfigurationList = 3C79FAD52BC72868007BC735 /* Build configuration list for PBXNativeTarget "Little Lemon" */;
			buildPhases = (
				3C79FAC32BC72867007BC735 /* Sources */,
				3C79FAC42BC72867007BC735 /* Frameworks */,
				3C79FAC52BC72867007BC735 /* Resources */,
			);
			buildRules = (
			);
			dependencies = (
			);
			name = "Little Lemon";
			productName = "Little Lemon";
			productReference = 3C79FAC72BC72867007BC735 /* Little Lemon.app */;
			productType = "com.apple.product-type.application";
		};
/* End PBXNativeTarget section */

/* Begin PBXProject section */
		3C79FABF2BC72867007BC735 /* Project object */ = {
			isa = PBXProject;
			attributes = {
				BuildIndependentTargetsInParallel = 1;
				LastSwiftUpdateCheck = 1530;
				LastUpgradeCheck = 1530;
				TargetAttributes = {
					3C79FAC62BC72867007BC735 = {
						CreatedOnToolsVersion = 15.3;
					};
				};
			};
			buildConfigurationList = 3C79FAC22BC72867007BC735 /* Build configuration list for PBXProject "Little Lemon" */;
			compatibilityVersion = "Xcode 14.0";
			developmentRegion = en;
			hasScannedForEncodings = 0;
			knownRegions = (
				en,
				Base,
			);
			mainGroup = 3C79FABE2BC72867007BC735;
			productRefGroup = 3C79FAC82BC72867007BC735 /* Products */;
			projectDirPath = "";
			projectRoot = "";
			targets = (
				3C79FAC62BC72867007BC735 /* Little Lemon */,
			);
		};
/* End PBXProject section */

/* Begin PBXResourcesBuildPhase section */
		3C79FAC52BC72867007BC735 /* Resources */ = {
			isa = PBXResourcesBuildPhase;
			buildActionMask = 2147483647;
			files = (
				3C79FAD22BC72868007BC735 /* Preview Assets.xcassets in Resources */,
				3C79FACF2BC72868007BC735 /* Assets.xcassets in Resources */,
			);
			runOnlyForDeploymentPostprocessing = 0;
		};
/* End PBXResourcesBuildPhase section */

/* Begin PBXSourcesBuildPhase section */
		3C79FAC32BC72867007BC735 /* Sources */ = {
			isa = PBXSourcesBuildPhase;
			buildActionMask = 2147483647;
			files = (
				3CCF9CF92BCEC7460099DCBC /* MenuView.swift in Sources */,
				3CCF9CFD2BCEE5720099DCBC /* UserProfileView.swift in Sources */,
				3CB801522BD82B9A0033EE10 /* CoreDataModel.xcdatamodeld in Sources */,
				3C79FACD2BC72867007BC735 /* ContentView.swift in Sources */,
				3CB801442BD477D90033EE10 /* Persistence.swift in Sources */,
				3CCF9CF72BCEBE110099DCBC /* HomeView.swift in Sources */,
				3CCF9CF32BCD6B070099DCBC /* OnboardView.swift in Sources */,
				3CB801482BD478650033EE10 /* MenuList.swift in Sources */,
				3C79FACB2BC72867007BC735 /* Little_LemonApp.swift in Sources */,
				3CB801542BD8B4D40033EE10 /* FetchedObjects.swift in Sources */,
				3CB8014A2BD4786E0033EE10 /* MenuItem.swift in Sources */,
			);
			runOnlyForDeploymentPostprocessing = 0;
		};
/* End PBXSourcesBuildPhase section */

/* Begin XCBuildConfiguration section */
		3C79FAD32BC72868007BC735 /* Debug */ = {
			isa = XCBuildConfiguration;
			buildSettings = {
				ALWAYS_SEARCH_USER_PATHS = NO;
				ASSETCATALOG_COMPILER_GENERATE_SWIFT_ASSET_SYMBOL_EXTENSIONS = YES;
				CLANG_ANALYZER_NONNULL = YES;
				CLANG_ANALYZER_NUMBER_OBJECT_CONVERSION = YES_AGGRESSIVE;
				CLANG_CXX_LANGUAGE_STANDARD = "gnu++20";
				CLANG_ENABLE_MODULES = YES;
				CLANG_ENABLE_OBJC_ARC = YES;
				CLANG_ENABLE_OBJC_WEAK = YES;
				CLANG_WARN_BLOCK_CAPTURE_AUTORELEASING = YES;
				CLANG_WARN_BOOL_CONVERSION = YES;
				CLANG_WARN_COMMA = YES;
				CLANG_WARN_CONSTANT_CONVERSION = YES;
				CLANG_WARN_DEPRECATED_OBJC_IMPLEMENTATIONS = YES;
				CLANG_WARN_DIRECT_OBJC_ISA_USAGE = YES_ERROR;
				CLANG_WARN_DOCUMENTATION_COMMENTS = YES;
				CLANG_WARN_EMPTY_BODY = YES;
				CLANG_WARN_ENUM_CONVERSION = YES;
				CLANG_WARN_INFINITE_RECURSION = YES;
				CLANG_WARN_INT_CONVERSION = YES;
				CLANG_WARN_NON_LITERAL_NULL_CONVERSION = YES;
				CLANG_WARN_OBJC_IMPLICIT_RETAIN_SELF = YES;
				CLANG_WARN_OBJC_LITERAL_CONVERSION = YES;
				CLANG_WARN_OBJC_ROOT_CLASS = YES_ERROR;
				CLANG_WARN_QUOTED_INCLUDE_IN_FRAMEWORK_HEADER = YES;
				CLANG_WARN_RANGE_LOOP_ANALYSIS = YES;
				CLANG_WARN_STRICT_PROTOTYPES = YES;
				CLANG_WARN_SUSPICIOUS_MOVE = YES;
				CLANG_WARN_UNGUARDED_AVAILABILITY = YES_AGGRESSIVE;
				CLANG_WARN_UNREACHABLE_CODE = YES;
				CLANG_WARN__DUPLICATE_METHOD_MATCH = YES;
				COPY_PHASE_STRIP = NO;
				DEBUG_INFORMATION_FORMAT = dwarf;
				ENABLE_STRICT_OBJC_MSGSEND = YES;
				ENABLE_TESTABILITY = YES;
				ENABLE_USER_SCRIPT_SANDBOXING = YES;
				GCC_C_LANGUAGE_STANDARD = gnu17;
				GCC_DYNAMIC_NO_PIC = NO;
				GCC_NO_COMMON_BLOCKS = YES;
				GCC_OPTIMIZATION_LEVEL = 0;
				GCC_PREPROCESSOR_DEFINITIONS = (
					"DEBUG=1",
					"$(inherited)",
				);
				GCC_WARN_64_TO_32_BIT_CONVERSION = YES;
				GCC_WARN_ABOUT_RETURN_TYPE = YES_ERROR;
				GCC_WARN_UNDECLARED_SELECTOR = YES;
				GCC_WARN_UNINITIALIZED_AUTOS = YES_AGGRESSIVE;
				GCC_WARN_UNUSED_FUNCTION = YES;
				GCC_WARN_UNUSED_VARIABLE = YES;
				IPHONEOS_DEPLOYMENT_TARGET = 17.4;
				LOCALIZATION_PREFERS_STRING_CATALOGS = YES;
				MTL_ENABLE_DEBUG_INFO = INCLUDE_SOURCE;
				MTL_FAST_MATH = YES;
				ONLY_ACTIVE_ARCH = YES;
				SDKROOT = iphoneos;
				SWIFT_ACTIVE_COMPILATION_CONDITIONS = "DEBUG $(inherited)";
				SWIFT_OPTIMIZATION_LEVEL = "-Onone";
			};
			name = Debug;
		};
		3C79FAD42BC72868007BC735 /* Release */ = {
			isa = XCBuildConfiguration;
			buildSettings = {
				ALWAYS_SEARCH_USER_PATHS = NO;
				ASSETCATALOG_COMPILER_GENERATE_SWIFT_ASSET_SYMBOL_EXTENSIONS = YES;
				CLANG_ANALYZER_NONNULL = YES;
				CLANG_ANALYZER_NUMBER_OBJECT_CONVERSION = YES_AGGRESSIVE;
				CLANG_CXX_LANGUAGE_STANDARD = "gnu++20";
				CLANG_ENABLE_MODULES = YES;
				CLANG_ENABLE_OBJC_ARC = YES;
				CLANG_ENABLE_OBJC_WEAK = YES;
				CLANG_WARN_BLOCK_CAPTURE_AUTORELEASING = YES;
				CLANG_WARN_BOOL_CONVERSION = YES;
				CLANG_WARN_COMMA = YES;
				CLANG_WARN_CONSTANT_CONVERSION = YES;
				CLANG_WARN_DEPRECATED_OBJC_IMPLEMENTATIONS = YES;
				CLANG_WARN_DIRECT_OBJC_ISA_USAGE = YES_ERROR;
				CLANG_WARN_DOCUMENTATION_COMMENTS = YES;
				CLANG_WARN_EMPTY_BODY = YES;
				CLANG_WARN_ENUM_CONVERSION = YES;
				CLANG_WARN_INFINITE_RECURSION = YES;
				CLANG_WARN_INT_CONVERSION = YES;
				CLANG_WARN_NON_LITERAL_NULL_CONVERSION = YES;
				CLANG_WARN_OBJC_IMPLICIT_RETAIN_SELF = YES;
				CLANG_WARN_OBJC_LITERAL_CONVERSION = YES;
				CLANG_WARN_OBJC_ROOT_CLASS = YES_ERROR;
				CLANG_WARN_QUOTED_INCLUDE_IN_FRAMEWORK_HEADER = YES;
				CLANG_WARN_RANGE_LOOP_ANALYSIS = YES;
				CLANG_WARN_STRICT_PROTOTYPES = YES;
				CLANG_WARN_SUSPICIOUS_MOVE = YES;
				CLANG_WARN_UNGUARDED_AVAILABILITY = YES_AGGRESSIVE;
				CLANG_WARN_UNREACHABLE_CODE = YES;
				CLANG_WARN__DUPLICATE_METHOD_MATCH = YES;
				COPY_PHASE_STRIP = NO;
				DEBUG_INFORMATION_FORMAT = "dwarf-with-dsym";
				ENABLE_NS_ASSERTIONS = NO;
				ENABLE_STRICT_OBJC_MSGSEND = YES;
				ENABLE_USER_SCRIPT_SANDBOXING = YES;
				GCC_C_LANGUAGE_STANDARD = gnu17;
				GCC_NO_COMMON_BLOCKS = YES;
				GCC_WARN_64_TO_32_BIT_CONVERSION = YES;
				GCC_WARN_ABOUT_RETURN_TYPE = YES_ERROR;
				GCC_WARN_UNDECLARED_SELECTOR = YES;
				GCC_WARN_UNINITIALIZED_AUTOS = YES_AGGRESSIVE;
				GCC_WARN_UNUSED_FUNCTION = YES;
				GCC_WARN_UNUSED_VARIABLE = YES;
				IPHONEOS_DEPLOYMENT_TARGET = 17.4;
				LOCALIZATION_PREFERS_STRING_CATALOGS = YES;
				MTL_ENABLE_DEBUG_INFO = NO;
				MTL_FAST_MATH = YES;
				SDKROOT = iphoneos;
				SWIFT_COMPILATION_MODE = wholemodule;
				VALIDATE_PRODUCT = YES;
			};
			name = Release;
		};
		3C79FAD62BC72868007BC735 /* Debug */ = {
			isa = XCBuildConfiguration;
			buildSettings = {
				ASSETCATALOG_COMPILER_APPICON_NAME = AppIcon;
				ASSETCATALOG_COMPILER_GLOBAL_ACCENT_COLOR_NAME = AccentColor;
				CODE_SIGN_STYLE = Automatic;
				CURRENT_PROJECT_VERSION = 1;
				DEVELOPMENT_ASSET_PATHS = "\"Little Lemon/Preview Content\"";
				ENABLE_PREVIEWS = YES;
				GENERATE_INFOPLIST_FILE = YES;
				INFOPLIST_KEY_UIApplicationSceneManifest_Generation = YES;
				INFOPLIST_KEY_UIApplicationSupportsIndirectInputEvents = YES;
				INFOPLIST_KEY_UILaunchScreen_Generation = YES;
				INFOPLIST_KEY_UISupportedInterfaceOrientations_iPad = "UIInterfaceOrientationPortrait UIInterfaceOrientationPortraitUpsideDown UIInterfaceOrientationLandscapeLeft UIInterfaceOrientationLandscapeRight";
				INFOPLIST_KEY_UISupportedInterfaceOrientations_iPhone = "UIInterfaceOrientationPortrait UIInterfaceOrientationLandscapeLeft UIInterfaceOrientationLandscapeRight";
				LD_RUNPATH_SEARCH_PATHS = (
					"$(inherited)",
					"@executable_path/Frameworks",
				);
				MARKETING_VERSION = 1.0;
				PRODUCT_BUNDLE_IDENTIFIER = "com.king.Little-Lemon";
				PRODUCT_NAME = "$(TARGET_NAME)";
				SWIFT_EMIT_LOC_STRINGS = YES;
				SWIFT_VERSION = 5.0;
				TARGETED_DEVICE_FAMILY = "1,2";
			};
			name = Debug;
		};
		3C79FAD72BC72868007BC735 /* Release */ = {
			isa = XCBuildConfiguration;
			buildSettings = {
				ASSETCATALOG_COMPILER_APPICON_NAME = AppIcon;
				ASSETCATALOG_COMPILER_GLOBAL_ACCENT_COLOR_NAME = AccentColor;
				CODE_SIGN_STYLE = Automatic;
				CURRENT_PROJECT_VERSION = 1;
				DEVELOPMENT_ASSET_PATHS = "\"Little Lemon/Preview Content\"";
				ENABLE_PREVIEWS = YES;
				GENERATE_INFOPLIST_FILE = YES;
				INFOPLIST_KEY_UIApplicationSceneManifest_Generation = YES;
				INFOPLIST_KEY_UIApplicationSupportsIndirectInputEvents = YES;
				INFOPLIST_KEY_UILaunchScreen_Generation = YES;
				INFOPLIST_KEY_UISupportedInterfaceOrientations_iPad = "UIInterfaceOrientationPortrait UIInterfaceOrientationPortraitUpsideDown UIInterfaceOrientationLandscapeLeft UIInterfaceOrientationLandscapeRight";
				INFOPLIST_KEY_UISupportedInterfaceOrientations_iPhone = "UIInterfaceOrientationPortrait UIInterfaceOrientationLandscapeLeft UIInterfaceOrientationLandscapeRight";
				LD_RUNPATH_SEARCH_PATHS = (
					"$(inherited)",
					"@executable_path/Frameworks",
				);
				MARKETING_VERSION = 1.0;
				PRODUCT_BUNDLE_IDENTIFIER = "com.king.Little-Lemon";
				PRODUCT_NAME = "$(TARGET_NAME)";
				SWIFT_EMIT_LOC_STRINGS = YES;
				SWIFT_VERSION = 5.0;
				TARGETED_DEVICE_FAMILY = "1,2";
			};
			name = Release;
		};
/* End XCBuildConfiguration section */

/* Begin XCConfigurationList section */
		3C79FAC22BC72867007BC735 /* Build configuration list for PBXProject "Little Lemon" */ = {
			isa = XCConfigurationList;
			buildConfigurations = (
				3C79FAD32BC72868007BC735 /* Debug */,
				3C79FAD42BC72868007BC735 /* Release */,
			);
			defaultConfigurationIsVisible = 0;
			defaultConfigurationName = Release;
		};
		3C79FAD52BC72868007BC735 /* Build configuration list for PBXNativeTarget "Little Lemon" */ = {
			isa = XCConfigurationList;
			buildConfigurations = (
				3C79FAD62BC72868007BC735 /* Debug */,
				3C79FAD72BC72868007BC735 /* Release */,
			);
			defaultConfigurationIsVisible = 0;
			defaultConfigurationName = Release;
		};
/* End XCConfigurationList section */

/* Begin XCVersionGroup section */
		3CB801502BD82B9A0033EE10 /* CoreDataModel.xcdatamodeld */ = {
			isa = XCVersionGroup;
			children = (
				3CB801512BD82B9A0033EE10 /* CoreDataModel.xcdatamodel */,
			);
			currentVersion = 3CB801512BD82B9A0033EE10 /* CoreDataModel.xcdatamodel */;
			name = CoreDataModel.xcdatamodeld;
			path = "/Users/king/Documents/Develop in Swift Course/littlelemon-capstone/littlelemon-capstone/Little Lemon/Little Lemon/Core Data/CoreDataModel.xcdatamodeld";
			sourceTree = "<group>";
			versionGroupType = wrapper.xcdatamodel;
		};
/* End XCVersionGroup section */
	};
	rootObject = 3C79FABF2BC72867007BC735 /* Project object */;
}
